
Microsoft Visual Studio Solution File, Format Version 12.00
# Visual Studio Version 16
VisualStudioVersion = 16.0.29102.190
MinimumVisualStudioVersion = 10.0.40219.1
Project("{FAE04EC0-301F-11D3-BF4B-00C04F79EFBC}") = "AudenTests", "AudenTests.csproj", "{FF50F315-B573-4496-8016-D04C8E84546E}"
EndProject
Global
	GlobalSection(SolutionConfigurationPlatforms) = preSolution
		Debug|Any CPU = Debug|Any CPU
		Release|Any CPU = Release|Any CPU
	EndGlobalSection
	GlobalSection(ProjectConfigurationPlatforms) = postSolution
		{FF50F315-B573-4496-8016-D04C8E84546E}.Debug|Any CPU.ActiveCfg = Debug|Any CPU
		{FF50F315-B573-4496-8016-D04C8E84546E}.Debug|Any CPU.Build.0 = Debug|Any CPU
		{FF50F315-B573-4496-8016-D04C8E84546E}.Release|Any CPU.ActiveCfg = Release|Any CPU
		{FF50F315-B573-4496-8016-D04C8E84546E}.Release|Any CPU.Build.0 = Release|Any CPU
	EndGlobalSection
	GlobalSection(SolutionProperties) = preSolution
		HideSolutionNode = FALSE
	EndGlobalSection
	GlobalSection(ExtensibilityGlobals) = postSolution
		SolutionGuid = {81F2F3D1-4025-49DF-9A91-50090377144C}
	EndGlobalSection
EndGlobal
